// !$*UTF8*$!
{
	archiveVersion = 1;
	classes = {
	};
	objectVersion = 56;
	objects = {

/* Begin PBXBuildFile section */
		3A44FA2E297450860090595A /* SumAnimationApp.swift in Sources */ = {isa = PBXBuildFile; fileRef = 3A44FA2D297450860090595A /* SumAnimationApp.swift */; };
		3A44FA30297450860090595A /* ContentView.swift in Sources */ = {isa = PBXBuildFile; fileRef = 3A44FA2F297450860090595A /* ContentView.swift */; };
		3A44FA32297450880090595A /* Assets.xcassets in Resources */ = {isa = PBXBuildFile; fileRef = 3A44FA31297450880090595A /* Assets.xcassets */; };
		3A44FA35297450880090595A /* Preview Assets.xcassets in Resources */ = {isa = PBXBuildFile; fileRef = 3A44FA34297450880090595A /* Preview Assets.xcassets */; };
		3A44FA3F297450880090595A /* SumAnimationTests.swift in Sources */ = {isa = PBXBuildFile; fileRef = 3A44FA3E297450880090595A /* SumAnimationTests.swift */; };
		3A44FA49297450880090595A /* SumAnimationUITests.swift in Sources */ = {isa = PBXBuildFile; fileRef = 3A44FA48297450880090595A /* SumAnimationUITests.swift */; };
		3A44FA4B297450880090595A /* SumAnimationUITestsLaunchTests.swift in Sources */ = {isa = PBXBuildFile; fileRef = 3A44FA4A297450880090595A /* SumAnimationUITestsLaunchTests.swift */; };
		3AC9CE682977141C0055B4CE /* TextAnimatableValue.swift in Sources */ = {isa = PBXBuildFile; fileRef = 3AC9CE672977141C0055B4CE /* TextAnimatableValue.swift */; };
/* End PBXBuildFile section */

/* Begin PBXContainerItemProxy section */
		3A44FA3B297450880090595A /* PBXContainerItemProxy */ = {
			isa = PBXContainerItemProxy;
			containerPortal = 3A44FA22297450860090595A /* Project object */;
			proxyType = 1;
			remoteGlobalIDString = 3A44FA29297450860090595A;
			remoteInfo = SumAnimation;
		};
		3A44FA45297450880090595A /* PBXContainerItemProxy */ = {
			isa = PBXContainerItemProxy;
			containerPortal = 3A44FA22297450860090595A /* Project object */;
			proxyType = 1;
			remoteGlobalIDString = 3A44FA29297450860090595A;
			remoteInfo = SumAnimation;
		};
/* End PBXContainerItemProxy section */

/* Begin PBXFileReference section */
		3A44FA2A297450860090595A /* SumAnimation.app */ = {isa = PBXFileReference; explicitFileType = wrapper.application; includeInIndex = 0; path = SumAnimation.app; sourceTree = BUILT_PRODUCTS_DIR; };
		3A44FA2D297450860090595A /* SumAnimationApp.swift */ = {isa = PBXFileReference; lastKnownFileType = sourcecode.swift; path = SumAnimationApp.swift; sourceTree = "<group>"; };
		3A44FA2F297450860090595A /* ContentView.swift */ = {isa = PBXFileReference; lastKnownFileType = sourcecode.swift; path = ContentView.swift; sourceTree = "<group>"; };
		3A44FA31297450880090595A /* Assets.xcassets */ = {isa = PBXFileReference; lastKnownFileType = folder.assetcatalog; path = Assets.xcassets; sourceTree = "<group>"; };
		3A44FA34297450880090595A /* Preview Assets.xcassets */ = {isa = PBXFileReference; lastKnownFileType = folder.assetcatalog; path = "Preview Assets.xcassets"; sourceTree = "<group>"; };
		3A44FA3A297450880090595A /* SumAnimationTests.xctest */ = {isa = PBXFileReference; explicitFileType = wrapper.cfbundle; includeInIndex = 0; path = SumAnimationTests.xctest; sourceTree = BUILT_PRODUCTS_DIR; };
		3A44FA3E297450880090595A /* SumAnimationTests.swift */ = {isa = PBXFileReference; lastKnownFileType = sourcecode.swift; path = SumAnimationTests.swift; sourceTree = "<group>"; };
		3A44FA44297450880090595A /* SumAnimationUITests.xctest */ = {isa = PBXFileReference; explicitFileType = wrapper.cfbundle; includeInIndex = 0; path = SumAnimationUITests.xctest; sourceTree = BUILT_PRODUCTS_DIR; };
		3A44FA48297450880090595A /* SumAnimationUITests.swift */ = {isa = PBXFileReference; lastKnownFileType = sourcecode.swift; path = SumAnimationUITests.swift; sourceTree = "<group>"; };
		3A44FA4A297450880090595A /* SumAnimationUITestsLaunchTests.swift */ = {isa = PBXFileReference; lastKnownFileType = sourcecode.swift; path = SumAnimationUITestsLaunchTests.swift; sourceTree = "<group>"; };
		3AC9CE672977141C0055B4CE /* TextAnimatableValue.swift */ = {isa = PBXFileReference; lastKnownFileType = sourcecode.swift; path = TextAnimatableValue.swift; sourceTree = "<group>"; };
/* End PBXFileReference section */

/* Begin PBXFrameworksBuildPhase section */
		3A44FA27297450860090595A /* Frameworks */ = {
			isa = PBXFrameworksBuildPhase;
			buildActionMask = 2147483647;
			files = (
			);
			runOnlyForDeploymentPostprocessing = 0;
		};
		3A44FA37297450880090595A /* Frameworks */ = {
			isa = PBXFrameworksBuildPhase;
			buildActionMask = 2147483647;
			files = (
			);
			runOnlyForDeploymentPostprocessing = 0;
		};
		3A44FA41297450880090595A /* Frameworks */ = {
			isa = PBXFrameworksBuildPhase;
			buildActionMask = 2147483647;
			files = (
			);
			runOnlyForDeploymentPostprocessing = 0;
		};
/* End PBXFrameworksBuildPhase section */

/* Begin PBXGroup section */
		3A44FA21297450860090595A = {
			isa = PBXGroup;
			children = (
				3A44FA2C297450860090595A /* SumAnimation */,
				3A44FA3D297450880090595A /* SumAnimationTests */,
				3A44FA47297450880090595A /* SumAnimationUITests */,
				3A44FA2B297450860090595A /* Products */,
			);
			sourceTree = "<group>";
		};
		3A44FA2B297450860090595A /* Products */ = {
			isa = PBXGroup;
			children = (
				3A44FA2A297450860090595A /* SumAnimation.app */,
				3A44FA3A297450880090595A /* SumAnimationTests.xctest */,
				3A44FA44297450880090595A /* SumAnimationUITests.xctest */,
			);
			name = Products;
			sourceTree = "<group>";
		};
		3A44FA2C297450860090595A /* SumAnimation */ = {
			isa = PBXGroup;
			children = (
				3A44FA2D297450860090595A /* SumAnimationApp.swift */,
				3A44FA2F297450860090595A /* ContentView.swift */,
				3A44FA31297450880090595A /* Assets.xcassets */,
				3A44FA33297450880090595A /* Preview Content */,
				3AC9CE672977141C0055B4CE /* TextAnimatableValue.swift */,
			);
			path = SumAnimation;
			sourceTree = "<group>";
		};
		3A44FA33297450880090595A /* Preview Content */ = {
			isa = PBXGroup;
			children = (
				3A44FA34297450880090595A /* Preview Assets.xcassets */,
			);
			path = "Preview Content";
			sourceTree = "<group>";
		};
		3A44FA3D297450880090595A /* SumAnimationTests */ = {
			isa = PBXGroup;
			children = (
				3A44FA3E297450880090595A /* SumAnimationTests.swift */,
			);
			path = SumAnimationTests;
			sourceTree = "<group>";
		};
		3A44FA47297450880090595A /* SumAnimationUITests */ = {
			isa = PBXGroup;
			children = (
				3A44FA48297450880090595A /* SumAnimationUITests.swift */,
				3A44FA4A297450880090595A /* SumAnimationUITestsLaunchTests.swift */,
			);
			path = SumAnimationUITests;
			sourceTree = "<group>";
		};
/* End PBXGroup section */

/* Begin PBXNativeTarget section */
		3A44FA29297450860090595A /* SumAnimation */ = {
			isa = PBXNativeTarget;
			buildConfigurationList = 3A44FA4E297450880090595A /* Build configuration list for PBXNativeTarget "SumAnimation" */;
			buildPhases = (
				3A44FA26297450860090595A /* Sources */,
				3A44FA27297450860090595A /* Frameworks */,
				3A44FA28297450860090595A /* Resources */,
			);
			buildRules = (
			);
			dependencies = (
			);
			name = SumAnimation;
			productName = SumAnimation;
			productReference = 3A44FA2A297450860090595A /* SumAnimation.app */;
			productType = "com.apple.product-type.application";
		};
		3A44FA39297450880090595A /* SumAnimationTests */ = {
			isa = PBXNativeTarget;
			buildConfigurationList = 3A44FA51297450880090595A /* Build configuration list for PBXNativeTarget "SumAnimationTests" */;
			buildPhases = (
				3A44FA36297450880090595A /* Sources */,
				3A44FA37297450880090595A /* Frameworks */,
				3A44FA38297450880090595A /* Resources */,
			);
			buildRules = (
			);
			dependencies = (
				3A44FA3C297450880090595A /* PBXTargetDependency */,
			);
			name = SumAnimationTests;
			productName = SumAnimationTests;
			productReference = 3A44FA3A297450880090595A /* SumAnimationTests.xctest */;
			productType = "com.apple.product-type.bundle.unit-test";
		};
		3A44FA43297450880090595A /* SumAnimationUITests */ = {
			isa = PBXNativeTarget;
			buildConfigurationList = 3A44FA54297450880090595A /* Build configuration list for PBXNativeTarget "SumAnimationUITests" */;
			buildPhases = (
				3A44FA40297450880090595A /* Sources */,
				3A44FA41297450880090595A /* Frameworks */,
				3A44FA42297450880090595A /* Resources */,
			);
			buildRules = (
			);
			dependencies = (
				3A44FA46297450880090595A /* PBXTargetDependency */,
			);
			name = SumAnimationUITests;
			productName = SumAnimationUITests;
			productReference = 3A44FA44297450880090595A /* SumAnimationUITests.xctest */;
			productType = "com.apple.product-type.bundle.ui-testing";
		};
/* End PBXNativeTarget section */

/* Begin PBXProject section */
		3A44FA22297450860090595A /* Project object */ = {
			isa = PBXProject;
			attributes = {
				BuildIndependentTargetsInParallel = 1;
				LastSwiftUpdateCheck = 1420;
				LastUpgradeCheck = 1420;
				TargetAttributes = {
					3A44FA29297450860090595A = {
						CreatedOnToolsVersion = 14.2;
					};
					3A44FA39297450880090595A = {
						CreatedOnToolsVersion = 14.2;
						TestTargetID = 3A44FA29297450860090595A;
					};
					3A44FA43297450880090595A = {
						CreatedOnToolsVersion = 14.2;
						TestTargetID = 3A44FA29297450860090595A;
					};
				};
			};
			buildConfigurationList = 3A44FA25297450860090595A /* Build configuration list for PBXProject "SumAnimation" */;
			compatibilityVersion = "Xcode 14.0";
			developmentRegion = en;
			hasScannedForEncodings = 0;
			knownRegions = (
				en,
				Base,
			);
			mainGroup = 3A44FA21297450860090595A;
			productRefGroup = 3A44FA2B297450860090595A /* Products */;
			projectDirPath = "";
			projectRoot = "";
			targets = (
				3A44FA29297450860090595A /* SumAnimation */,
				3A44FA39297450880090595A /* SumAnimationTests */,
				3A44FA43297450880090595A /* SumAnimationUITests */,
			);
		};
/* End PBXProject section */

/* Begin PBXResourcesBuildPhase section */
		3A44FA28297450860090595A /* Resources */ = {
			isa = PBXResourcesBuildPhase;
			buildActionMask = 2147483647;
			files = (
				3A44FA35297450880090595A /* Preview Assets.xcassets in Resources */,
				3A44FA32297450880090595A /* Assets.xcassets in Resources */,
			);
			runOnlyForDeploymentPostprocessing = 0;
		};
		3A44FA38297450880090595A /* Resources */ = {
			isa = PBXResourcesBuildPhase;
			buildActionMask = 2147483647;
			files = (
			);
			runOnlyForDeploymentPostprocessing = 0;
		};
		3A44FA42297450880090595A /* Resources */ = {
			isa = PBXResourcesBuildPhase;
			buildActionMask = 2147483647;
			files = (
			);
			runOnlyForDeploymentPostprocessing = 0;
		};
/* End PBXResourcesBuildPhase section */

/* Begin PBXSourcesBuildPhase section */
		3A44FA26297450860090595A /* Sources */ = {
			isa = PBXSourcesBuildPhase;
			buildActionMask = 2147483647;
			files = (
				3A44FA30297450860090595A /* ContentView.swift in Sources */,
				3A44FA2E297450860090595A /* SumAnimationApp.swift in Sources */,
				3AC9CE682977141C0055B4CE /* TextAnimatableValue.swift in Sources */,
			);
			runOnlyForDeploymentPostprocessing = 0;
		};
		3A44FA36297450880090595A /* Sources */ = {
			isa = PBXSourcesBuildPhase;
			buildActionMask = 2147483647;
			files = (
				3A44FA3F297450880090595A /* SumAnimationTests.swift in Sources */,
			);
			runOnlyForDeploymentPostprocessing = 0;
		};
		3A44FA40297450880090595A /* Sources */ = {
			isa = PBXSourcesBuildPhase;
			buildActionMask = 2147483647;
			files = (
				3A44FA49297450880090595A /* SumAnimationUITests.swift in Sources */,
				3A44FA4B297450880090595A /* SumAnimationUITestsLaunchTests.swift in Sources */,
			);
			runOnlyForDeploymentPostprocessing = 0;
		};
/* End PBXSourcesBuildPhase section */

/* Begin PBXTargetDependency section */
		3A44FA3C297450880090595A /* PBXTargetDependency */ = {
			isa = PBXTargetDependency;
			target = 3A44FA29297450860090595A /* SumAnimation */;
			targetProxy = 3A44FA3B297450880090595A /* PBXContainerItemProxy */;
		};
		3A44FA46297450880090595A /* PBXTargetDependency */ = {
			isa = PBXTargetDependency;
			target = 3A44FA29297450860090595A /* SumAnimation */;
			targetProxy = 3A44FA45297450880090595A /* PBXContainerItemProxy */;
		};
/* End PBXTargetDependency section */

/* Begin XCBuildConfiguration section */
		3A44FA4C297450880090595A /* Debug */ = {
			isa = XCBuildConfiguration;
			buildSettings = {
				ALWAYS_SEARCH_USER_PATHS = NO;
				CLANG_ANALYZER_NONNULL = YES;
				CLANG_ANALYZER_NUMBER_OBJECT_CONVERSION = YES_AGGRESSIVE;
				CLANG_CXX_LANGUAGE_STANDARD = "gnu++20";
				CLANG_ENABLE_MODULES = YES;
				CLANG_ENABLE_OBJC_ARC = YES;
				CLANG_ENABLE_OBJC_WEAK = YES;
				CLANG_WARN_BLOCK_CAPTURE_AUTORELEASING = YES;
				CLANG_WARN_BOOL_CONVERSION = YES;
				CLANG_WARN_COMMA = YES;
				CLANG_WARN_CONSTANT_CONVERSION = YES;
				CLANG_WARN_DEPRECATED_OBJC_IMPLEMENTATIONS = YES;
				CLANG_WARN_DIRECT_OBJC_ISA_USAGE = YES_ERROR;
				CLANG_WARN_DOCUMENTATION_COMMENTS = YES;
				CLANG_WARN_EMPTY_BODY = YES;
				CLANG_WARN_ENUM_CONVERSION = YES;
				CLANG_WARN_INFINITE_RECURSION = YES;
				CLANG_WARN_INT_CONVERSION = YES;
				CLANG_WARN_NON_LITERAL_NULL_CONVERSION = YES;
				CLANG_WARN_OBJC_IMPLICIT_RETAIN_SELF = YES;
				CLANG_WARN_OBJC_LITERAL_CONVERSION = YES;
				CLANG_WARN_OBJC_ROOT_CLASS = YES_ERROR;
				CLANG_WARN_QUOTED_INCLUDE_IN_FRAMEWORK_HEADER = YES;
				CLANG_WARN_RANGE_LOOP_ANALYSIS = YES;
				CLANG_WARN_STRICT_PROTOTYPES = YES;
				CLANG_WARN_SUSPICIOUS_MOVE = YES;
				CLANG_WARN_UNGUARDED_AVAILABILITY = YES_AGGRESSIVE;
				CLANG_WARN_UNREACHABLE_CODE = YES;
				CLANG_WARN__DUPLICATE_METHOD_MATCH = YES;
				COPY_PHASE_STRIP = NO;
				DEBUG_INFORMATION_FORMAT = dwarf;
				ENABLE_STRICT_OBJC_MSGSEND = YES;
				ENABLE_TESTABILITY = YES;
				GCC_C_LANGUAGE_STANDARD = gnu11;
				GCC_DYNAMIC_NO_PIC = NO;
				GCC_NO_COMMON_BLOCKS = YES;
				GCC_OPTIMIZATION_LEVEL = 0;
				GCC_PREPROCESSOR_DEFINITIONS = (
					"DEBUG=1",
					"$(inherited)",
				);
				GCC_WARN_64_TO_32_BIT_CONVERSION = YES;
				GCC_WARN_ABOUT_RETURN_TYPE = YES_ERROR;
				GCC_WARN_UNDECLARED_SELECTOR = YES;
				GCC_WARN_UNINITIALIZED_AUTOS = YES_AGGRESSIVE;
				GCC_WARN_UNUSED_FUNCTION = YES;
				GCC_WARN_UNUSED_VARIABLE = YES;
				IPHONEOS_DEPLOYMENT_TARGET = 16.2;
				MTL_ENABLE_DEBUG_INFO = INCLUDE_SOURCE;
				MTL_FAST_MATH = YES;
				ONLY_ACTIVE_ARCH = YES;
				SDKROOT = iphoneos;
				SWIFT_ACTIVE_COMPILATION_CONDITIONS = DEBUG;
				SWIFT_OPTIMIZATION_LEVEL = "-Onone";
			};
			name = Debug;
		};
		3A44FA4D297450880090595A /* Release */ = {
			isa = XCBuildConfiguration;
			buildSettings = {
				ALWAYS_SEARCH_USER_PATHS = NO;
				CLANG_ANALYZER_NONNULL = YES;
				CLANG_ANALYZER_NUMBER_OBJECT_CONVERSION = YES_AGGRESSIVE;
				CLANG_CXX_LANGUAGE_STANDARD = "gnu++20";
				CLANG_ENABLE_MODULES = YES;
				CLANG_ENABLE_OBJC_ARC = YES;
				CLANG_ENABLE_OBJC_WEAK = YES;
				CLANG_WARN_BLOCK_CAPTURE_AUTORELEASING = YES;
				CLANG_WARN_BOOL_CONVERSION = YES;
				CLANG_WARN_COMMA = YES;
				CLANG_WARN_CONSTANT_CONVERSION = YES;
				CLANG_WARN_DEPRECATED_OBJC_IMPLEMENTATIONS = YES;
				CLANG_WARN_DIRECT_OBJC_ISA_USAGE = YES_ERROR;
				CLANG_WARN_DOCUMENTATION_COMMENTS = YES;
				CLANG_WARN_EMPTY_BODY = YES;
				CLANG_WARN_ENUM_CONVERSION = YES;
				CLANG_WARN_INFINITE_RECURSION = YES;
				CLANG_WARN_INT_CONVERSION = YES;
				CLANG_WARN_NON_LITERAL_NULL_CONVERSION = YES;
				CLANG_WARN_OBJC_IMPLICIT_RETAIN_SELF = YES;
				CLANG_WARN_OBJC_LITERAL_CONVERSION = YES;
				CLANG_WARN_OBJC_ROOT_CLASS = YES_ERROR;
				CLANG_WARN_QUOTED_INCLUDE_IN_FRAMEWORK_HEADER = YES;
				CLANG_WARN_RANGE_LOOP_ANALYSIS = YES;
				CLANG_WARN_STRICT_PROTOTYPES = YES;
				CLANG_WARN_SUSPICIOUS_MOVE = YES;
				CLANG_WARN_UNGUARDED_AVAILABILITY = YES_AGGRESSIVE;
				CLANG_WARN_UNREACHABLE_CODE = YES;
				CLANG_WARN__DUPLICATE_METHOD_MATCH = YES;
				COPY_PHASE_STRIP = NO;
				DEBUG_INFORMATION_FORMAT = "dwarf-with-dsym";
				ENABLE_NS_ASSERTIONS = NO;
				ENABLE_STRICT_OBJC_MSGSEND = YES;
				GCC_C_LANGUAGE_STANDARD = gnu11;
				GCC_NO_COMMON_BLOCKS = YES;
				GCC_WARN_64_TO_32_BIT_CONVERSION = YES;
				GCC_WARN_ABOUT_RETURN_TYPE = YES_ERROR;
				GCC_WARN_UNDECLARED_SELECTOR = YES;
				GCC_WARN_UNINITIALIZED_AUTOS = YES_AGGRESSIVE;
				GCC_WARN_UNUSED_FUNCTION = YES;
				GCC_WARN_UNUSED_VARIABLE = YES;
				IPHONEOS_DEPLOYMENT_TARGET = 16.2;
				MTL_ENABLE_DEBUG_INFO = NO;
				MTL_FAST_MATH = YES;
				SDKROOT = iphoneos;
				SWIFT_COMPILATION_MODE = wholemodule;
				SWIFT_OPTIMIZATION_LEVEL = "-O";
				VALIDATE_PRODUCT = YES;
			};
			name = Release;
		};
		3A44FA4F297450880090595A /* Debug */ = {
			isa = XCBuildConfiguration;
			buildSettings = {
				ASSETCATALOG_COMPILER_APPICON_NAME = AppIcon;
				ASSETCATALOG_COMPILER_GLOBAL_ACCENT_COLOR_NAME = AccentColor;
				CODE_SIGN_STYLE = Automatic;
				CURRENT_PROJECT_VERSION = 1;
				DEVELOPMENT_ASSET_PATHS = "\"SumAnimation/Preview Content\"";
				DEVELOPMENT_TEAM = 72453LZU7L;
				ENABLE_PREVIEWS = YES;
				GENERATE_INFOPLIST_FILE = YES;
				INFOPLIST_KEY_UIApplicationSceneManifest_Generation = YES;
				INFOPLIST_KEY_UIApplicationSupportsIndirectInputEvents = YES;
				INFOPLIST_KEY_UILaunchScreen_Generation = YES;
				INFOPLIST_KEY_UISupportedInterfaceOrientations_iPad = "UIInterfaceOrientationPortrait UIInterfaceOrientationPortraitUpsideDown UIInterfaceOrientationLandscapeLeft UIInterfaceOrientationLandscapeRight";
				INFOPLIST_KEY_UISupportedInterfaceOrientations_iPhone = "UIInterfaceOrientationPortrait UIInterfaceOrientationLandscapeLeft UIInterfaceOrientationLandscapeRight";
				LD_RUNPATH_SEARCH_PATHS = (
					"$(inherited)",
					"@executable_path/Frameworks",
				);
				MARKETING_VERSION = 1.0;
				PRODUCT_BUNDLE_IDENTIFIER = com.bjeld.apps.SumAnimation;
				PRODUCT_NAME = "$(TARGET_NAME)";
				SWIFT_EMIT_LOC_STRINGS = YES;
				SWIFT_VERSION = 5.0;
				TARGETED_DEVICE_FAMILY = "1,2";
			};
			name = Debug;
		};
		3A44FA50297450880090595A /* Release */ = {
			isa = XCBuildConfiguration;
			buildSettings = {
				ASSETCATALOG_COMPILER_APPICON_NAME = AppIcon;
				ASSETCATALOG_COMPILER_GLOBAL_ACCENT_COLOR_NAME = AccentColor;
				CODE_SIGN_STYLE = Automatic;
				CURRENT_PROJECT_VERSION = 1;
				DEVELOPMENT_ASSET_PATHS = "\"SumAnimation/Preview Content\"";
				DEVELOPMENT_TEAM = 72453LZU7L;
				ENABLE_PREVIEWS = YES;
				GENERATE_INFOPLIST_FILE = YES;
				INFOPLIST_KEY_UIApplicationSceneManifest_Generation = YES;
				INFOPLIST_KEY_UIApplicationSupportsIndirectInputEvents = YES;
				INFOPLIST_KEY_UILaunchScreen_Generation = YES;
				INFOPLIST_KEY_UISupportedInterfaceOrientations_iPad = "UIInterfaceOrientationPortrait UIInterfaceOrientationPortraitUpsideDown UIInterfaceOrientationLandscapeLeft UIInterfaceOrientationLandscapeRight";
				INFOPLIST_KEY_UISupportedInterfaceOrientations_iPhone = "UIInterfaceOrientationPortrait UIInterfaceOrientationLandscapeLeft UIInterfaceOrientationLandscapeRight";
				LD_RUNPATH_SEARCH_PATHS = (
					"$(inherited)",
					"@executable_path/Frameworks",
				);
				MARKETING_VERSION = 1.0;
				PRODUCT_BUNDLE_IDENTIFIER = com.bjeld.apps.SumAnimation;
				PRODUCT_NAME = "$(TARGET_NAME)";
				SWIFT_EMIT_LOC_STRINGS = YES;
				SWIFT_VERSION = 5.0;
				TARGETED_DEVICE_FAMILY = "1,2";
			};
			name = Release;
		};
		3A44FA52297450880090595A /* Debug */ = {
			isa = XCBuildConfiguration;
			buildSettings = {
				ALWAYS_EMBED_SWIFT_STANDARD_LIBRARIES = YES;
				BUNDLE_LOADER = "$(TEST_HOST)";
				CODE_SIGN_STYLE = Automatic;
				CURRENT_PROJECT_VERSION = 1;
				DEVELOPMENT_TEAM = 72453LZU7L;
				GENERATE_INFOPLIST_FILE = YES;
				IPHONEOS_DEPLOYMENT_TARGET = 16.2;
				MARKETING_VERSION = 1.0;
				PRODUCT_BUNDLE_IDENTIFIER = com.bjeld.apps.SumAnimationTests;
				PRODUCT_NAME = "$(TARGET_NAME)";
				SWIFT_EMIT_LOC_STRINGS = NO;
				SWIFT_VERSION = 5.0;
				TARGETED_DEVICE_FAMILY = "1,2";
				TEST_HOST = "$(BUILT_PRODUCTS_DIR)/SumAnimation.app/$(BUNDLE_EXECUTABLE_FOLDER_PATH)/SumAnimation";
			};
			name = Debug;
		};
		3A44FA53297450880090595A /* Release */ = {
			isa = XCBuildConfiguration;
			buildSettings = {
				ALWAYS_EMBED_SWIFT_STANDARD_LIBRARIES = YES;
				BUNDLE_LOADER = "$(TEST_HOST)";
				CODE_SIGN_STYLE = Automatic;
				CURRENT_PROJECT_VERSION = 1;
				DEVELOPMENT_TEAM = 72453LZU7L;
				GENERATE_INFOPLIST_FILE = YES;
				IPHONEOS_DEPLOYMENT_TARGET = 16.2;
				MARKETING_VERSION = 1.0;
				PRODUCT_BUNDLE_IDENTIFIER = com.bjeld.apps.SumAnimationTests;
				PRODUCT_NAME = "$(TARGET_NAME)";
				SWIFT_EMIT_LOC_STRINGS = NO;
				SWIFT_VERSION = 5.0;
				TARGETED_DEVICE_FAMILY = "1,2";
				TEST_HOST = "$(BUILT_PRODUCTS_DIR)/SumAnimation.app/$(BUNDLE_EXECUTABLE_FOLDER_PATH)/SumAnimation";
			};
			name = Release;
		};
		3A44FA55297450880090595A /* Debug */ = {
			isa = XCBuildConfiguration;
			buildSettings = {
				ALWAYS_EMBED_SWIFT_STANDARD_LIBRARIES = YES;
				CODE_SIGN_STYLE = Automatic;
				CURRENT_PROJECT_VERSION = 1;
				DEVELOPMENT_TEAM = 72453LZU7L;
				GENERATE_INFOPLIST_FILE = YES;
				MARKETING_VERSION = 1.0;
				PRODUCT_BUNDLE_IDENTIFIER = com.bjeld.apps.SumAnimationUITests;
				PRODUCT_NAME = "$(TARGET_NAME)";
				SWIFT_EMIT_LOC_STRINGS = NO;
				SWIFT_VERSION = 5.0;
				TARGETED_DEVICE_FAMILY = "1,2";
				TEST_TARGET_NAME = SumAnimation;
			};
			name = Debug;
		};
		3A44FA56297450880090595A /* Release */ = {
			isa = XCBuildConfiguration;
			buildSettings = {
				ALWAYS_EMBED_SWIFT_STANDARD_LIBRARIES = YES;
				CODE_SIGN_STYLE = Automatic;
				CURRENT_PROJECT_VERSION = 1;
				DEVELOPMENT_TEAM = 72453LZU7L;
				GENERATE_INFOPLIST_FILE = YES;
				MARKETING_VERSION = 1.0;
				PRODUCT_BUNDLE_IDENTIFIER = com.bjeld.apps.SumAnimationUITests;
				PRODUCT_NAME = "$(TARGET_NAME)";
				SWIFT_EMIT_LOC_STRINGS = NO;
				SWIFT_VERSION = 5.0;
				TARGETED_DEVICE_FAMILY = "1,2";
				TEST_TARGET_NAME = SumAnimation;
			};
			name = Release;
		};
/* End XCBuildConfiguration section */

/* Begin XCConfigurationList section */
		3A44FA25297450860090595A /* Build configuration list for PBXProject "SumAnimation" */ = {
			isa = XCConfigurationList;
			buildConfigurations = (
				3A44FA4C297450880090595A /* Debug */,
				3A44FA4D297450880090595A /* Release */,
			);
			defaultConfigurationIsVisible = 0;
			defaultConfigurationName = Release;
		};
		3A44FA4E297450880090595A /* Build configuration list for PBXNativeTarget "SumAnimation" */ = {
			isa = XCConfigurationList;
			buildConfigurations = (
				3A44FA4F297450880090595A /* Debug */,
				3A44FA50297450880090595A /* Release */,
			);
			defaultConfigurationIsVisible = 0;
			defaultConfigurationName = Release;
		};
		3A44FA51297450880090595A /* Build configuration list for PBXNativeTarget "SumAnimationTests" */ = {
			isa = XCConfigurationList;
			buildConfigurations = (
				3A44FA52297450880090595A /* Debug */,
				3A44FA53297450880090595A /* Release */,
			);
			defaultConfigurationIsVisible = 0;
			defaultConfigurationName = Release;
		};
		3A44FA54297450880090595A /* Build configuration list for PBXNativeTarget "SumAnimationUITests" */ = {
			isa = XCConfigurationList;
			buildConfigurations = (
				3A44FA55297450880090595A /* Debug */,
				3A44FA56297450880090595A /* Release */,
			);
			defaultConfigurationIsVisible = 0;
			defaultConfigurationName = Release;
		};
/* End XCConfigurationList section */
	};
	rootObject = 3A44FA22297450860090595A /* Project object */;
}
